Microsoft Visual Studio Solution File, Format Version 12.00
# Visual Studio Version 17
VisualStudioVersion = 17.5.2.0
MinimumVisualStudioVersion = 10.0.40219.1
Project("{FAE04EC0-301F-11D3-BF4B-00C04F79EFBC}") = "GeneralOne", "GeneralOne\GeneralOne.csproj", "{E98F8657-2E80-A00D-DF25-EBD029A5555E}"
EndProject
Global
	GlobalSection(SolutionConfigurationPlatforms) = preSolution
		Debug|Any CPU = Debug|Any CPU
		Release|Any CPU = Release|Any CPU
	EndGlobalSection
	GlobalSection(ProjectConfigurationPlatforms) = postSolution
		{E98F8657-2E80-A00D-DF25-EBD029A5555E}.Debug|Any CPU.ActiveCfg = Debug|Any CPU
		{E98F8657-2E80-A00D-DF25-EBD029A5555E}.Debug|Any CPU.Build.0 = Debug|Any CPU
		{E98F8657-2E80-A00D-DF25-EBD029A5555E}.Release|Any CPU.ActiveCfg = Release|Any CPU
		{E98F8657-2E80-A00D-DF25-EBD029A5555E}.Release|Any CPU.Build.0 = Release|Any CPU
	EndGlobalSection
	GlobalSection(SolutionProperties) = preSolution
		HideSolutionNode = FALSE
	EndGlobalSection
	GlobalSection(ExtensibilityGlobals) = postSolution
		SolutionGuid = {03444914-60DD-482B-B4E1-543BEC69CF6E}
	EndGlobalSection
EndGlobal
