Microsoft Visual Studio Solution File, Format Version 12.00
# Visual Studio Version 17
VisualStudioVersion = 17.5.2.0
MinimumVisualStudioVersion = 10.0.40219.1
Project("{FAE04EC0-301F-11D3-BF4B-00C04F79EFBC}") = "FirstCSharpApp", "FirstCSharpApp\FirstCSharpApp.csproj", "{DC86E295-EC47-FE8E-7113-FAFCFD3F7D14}"
EndProject
Global
	GlobalSection(SolutionConfigurationPlatforms) = preSolution
		Debug|Any CPU = Debug|Any CPU
		Release|Any CPU = Release|Any CPU
	EndGlobalSection
	GlobalSection(ProjectConfigurationPlatforms) = postSolution
		{DC86E295-EC47-FE8E-7113-FAFCFD3F7D14}.Debug|Any CPU.ActiveCfg = Debug|Any CPU
		{DC86E295-EC47-FE8E-7113-FAFCFD3F7D14}.Debug|Any CPU.Build.0 = Debug|Any CPU
		{DC86E295-EC47-FE8E-7113-FAFCFD3F7D14}.Release|Any CPU.ActiveCfg = Release|Any CPU
		{DC86E295-EC47-FE8E-7113-FAFCFD3F7D14}.Release|Any CPU.Build.0 = Release|Any CPU
	EndGlobalSection
	GlobalSection(SolutionProperties) = preSolution
		HideSolutionNode = FALSE
	EndGlobalSection
	GlobalSection(ExtensibilityGlobals) = postSolution
		SolutionGuid = {F628BFE9-DBB2-4192-ACB2-937631C1D28E}
	EndGlobalSection
EndGlobal
