Microsoft Visual Studio Solution File, Format Version 12.00
# Visual Studio Version 17
VisualStudioVersion = 17.5.2.0
MinimumVisualStudioVersion = 10.0.40219.1
Project("{FAE04EC0-301F-11D3-BF4B-00C04F79EFBC}") = "CGPAcalculation", "CGPAcalculation\CGPAcalculation.csproj", "{A467772E-4760-A729-42F7-10602C4798FC}"
EndProject
Project("{FAE04EC0-301F-11D3-BF4B-00C04F79EFBC}") = "GradeCalculations", "GradeCalculations\GradeCalculations.csproj", "{AF47BC25-21B0-5B16-00C5-160893F837DA}"
EndProject
Global
	GlobalSection(SolutionConfigurationPlatforms) = preSolution
		Debug|Any CPU = Debug|Any CPU
		Release|Any CPU = Release|Any CPU
	EndGlobalSection
	GlobalSection(ProjectConfigurationPlatforms) = postSolution
		{A467772E-4760-A729-42F7-10602C4798FC}.Debug|Any CPU.ActiveCfg = Debug|Any CPU
		{A467772E-4760-A729-42F7-10602C4798FC}.Debug|Any CPU.Build.0 = Debug|Any CPU
		{A467772E-4760-A729-42F7-10602C4798FC}.Release|Any CPU.ActiveCfg = Release|Any CPU
		{A467772E-4760-A729-42F7-10602C4798FC}.Release|Any CPU.Build.0 = Release|Any CPU
		{AF47BC25-21B0-5B16-00C5-160893F837DA}.Debug|Any CPU.ActiveCfg = Debug|Any CPU
		{AF47BC25-21B0-5B16-00C5-160893F837DA}.Debug|Any CPU.Build.0 = Debug|Any CPU
		{AF47BC25-21B0-5B16-00C5-160893F837DA}.Release|Any CPU.ActiveCfg = Release|Any CPU
		{AF47BC25-21B0-5B16-00C5-160893F837DA}.Release|Any CPU.Build.0 = Release|Any CPU
	EndGlobalSection
	GlobalSection(SolutionProperties) = preSolution
		HideSolutionNode = FALSE
	EndGlobalSection
	GlobalSection(ExtensibilityGlobals) = postSolution
		SolutionGuid = {3421A038-40E7-4AAA-9734-E92FCEC58185}
	EndGlobalSection
EndGlobal
